
Microsoft Visual Studio Solution File, Format Version 12.00
# Visual Studio 15
VisualStudioVersion = 15.0.26124.0
MinimumVisualStudioVersion = 15.0.26124.0
Project("{2150E333-8FDC-42A3-9474-1A3956D46DE8}") = "src", "src", "{E1D77522-0C55-4500-8759-FABAC2688F28}"
EndProject
Project("{FAE04EC0-301F-11D3-BF4B-00C04F79EFBC}") = "mongo", "src\Mongo\mongo.csproj", "{67F3E01B-9BD8-4FD5-B09C-B9084040E522}"
EndProject
Project("{FAE04EC0-301F-11D3-BF4B-00C04F79EFBC}") = "Example", "src\example\Example.csproj", "{ACEA67B6-D8B2-4DDA-8386-02012657A31F}"
EndProject
Global
	GlobalSection(SolutionConfigurationPlatforms) = preSolution
		Debug|Any CPU = Debug|Any CPU
		Debug|x64 = Debug|x64
		Debug|x86 = Debug|x86
		Release|Any CPU = Release|Any CPU
		Release|x64 = Release|x64
		Release|x86 = Release|x86
	EndGlobalSection
	GlobalSection(SolutionProperties) = preSolution
		HideSolutionNode = FALSE
	EndGlobalSection
	GlobalSection(ProjectConfigurationPlatforms) = postSolution
		{67F3E01B-9BD8-4FD5-B09C-B9084040E522}.Debug|Any CPU.ActiveCfg = Debug|Any CPU
		{67F3E01B-9BD8-4FD5-B09C-B9084040E522}.Debug|Any CPU.Build.0 = Debug|Any CPU
		{67F3E01B-9BD8-4FD5-B09C-B9084040E522}.Debug|x64.ActiveCfg = Debug|Any CPU
		{67F3E01B-9BD8-4FD5-B09C-B9084040E522}.Debug|x64.Build.0 = Debug|Any CPU
		{67F3E01B-9BD8-4FD5-B09C-B9084040E522}.Debug|x86.ActiveCfg = Debug|Any CPU
		{67F3E01B-9BD8-4FD5-B09C-B9084040E522}.Debug|x86.Build.0 = Debug|Any CPU
		{67F3E01B-9BD8-4FD5-B09C-B9084040E522}.Release|Any CPU.ActiveCfg = Release|Any CPU
		{67F3E01B-9BD8-4FD5-B09C-B9084040E522}.Release|Any CPU.Build.0 = Release|Any CPU
		{67F3E01B-9BD8-4FD5-B09C-B9084040E522}.Release|x64.ActiveCfg = Release|Any CPU
		{67F3E01B-9BD8-4FD5-B09C-B9084040E522}.Release|x64.Build.0 = Release|Any CPU
		{67F3E01B-9BD8-4FD5-B09C-B9084040E522}.Release|x86.ActiveCfg = Release|Any CPU
		{67F3E01B-9BD8-4FD5-B09C-B9084040E522}.Release|x86.Build.0 = Release|Any CPU
		{ACEA67B6-D8B2-4DDA-8386-02012657A31F}.Debug|Any CPU.ActiveCfg = Debug|Any CPU
		{ACEA67B6-D8B2-4DDA-8386-02012657A31F}.Debug|Any CPU.Build.0 = Debug|Any CPU
		{ACEA67B6-D8B2-4DDA-8386-02012657A31F}.Debug|x64.ActiveCfg = Debug|Any CPU
		{ACEA67B6-D8B2-4DDA-8386-02012657A31F}.Debug|x64.Build.0 = Debug|Any CPU
		{ACEA67B6-D8B2-4DDA-8386-02012657A31F}.Debug|x86.ActiveCfg = Debug|Any CPU
		{ACEA67B6-D8B2-4DDA-8386-02012657A31F}.Debug|x86.Build.0 = Debug|Any CPU
		{ACEA67B6-D8B2-4DDA-8386-02012657A31F}.Release|Any CPU.ActiveCfg = Release|Any CPU
		{ACEA67B6-D8B2-4DDA-8386-02012657A31F}.Release|Any CPU.Build.0 = Release|Any CPU
		{ACEA67B6-D8B2-4DDA-8386-02012657A31F}.Release|x64.ActiveCfg = Release|Any CPU
		{ACEA67B6-D8B2-4DDA-8386-02012657A31F}.Release|x64.Build.0 = Release|Any CPU
		{ACEA67B6-D8B2-4DDA-8386-02012657A31F}.Release|x86.ActiveCfg = Release|Any CPU
		{ACEA67B6-D8B2-4DDA-8386-02012657A31F}.Release|x86.Build.0 = Release|Any CPU
	EndGlobalSection
	GlobalSection(NestedProjects) = preSolution
		{67F3E01B-9BD8-4FD5-B09C-B9084040E522} = {E1D77522-0C55-4500-8759-FABAC2688F28}
		{ACEA67B6-D8B2-4DDA-8386-02012657A31F} = {E1D77522-0C55-4500-8759-FABAC2688F28}
	EndGlobalSection
EndGlobal
