
Microsoft Visual Studio Solution File, Format Version 12.00
# Visual Studio 15
VisualStudioVersion = 15.0.26124.0
MinimumVisualStudioVersion = 15.0.26124.0
Project("{FAE04EC0-301F-11D3-BF4B-00C04F79EFBC}") = "NeARandFARBackEnd", "NeARandFARBackEnd.csproj", "{46655BD8-CD6D-480F-9393-B387B615AD9E}"
EndProject
Project("{2150E333-8FDC-42A3-9474-1A3956D46DE8}") = "src", "src", "{264B5329-5A3F-491F-B6BD-CDE9741D430F}"
EndProject
Project("{FAE04EC0-301F-11D3-BF4B-00C04F79EFBC}") = "Mongo", "src\Mongo\Mongo.csproj", "{9A4FAD65-C7EA-424C-910D-3CB200EBBA96}"
EndProject
Project("{FAE04EC0-301F-11D3-BF4B-00C04F79EFBC}") = "Assets", "src\Assets\Assets.csproj", "{652265CC-12E6-4442-B562-2B6C6A0A6A28}"
EndProject
Project("{2150E333-8FDC-42A3-9474-1A3956D46DE8}") = "test", "test", "{F8CA6997-97C6-4224-8ACE-6A65D2F25D85}"
EndProject
Project("{FAE04EC0-301F-11D3-BF4B-00C04F79EFBC}") = "Mongo.Tests", "test\Mongo.Tests\Mongo.Tests.csproj", "{A99FE5D6-8EDB-49DC-9E92-97EB85FD90FF}"
EndProject
Project("{FAE04EC0-301F-11D3-BF4B-00C04F79EFBC}") = "Assets.Tests", "test\Assets.Tests\Assets.Tests.csproj", "{22332628-D347-4E79-B378-B33B3A9DFB4D}"
EndProject
Global
	GlobalSection(SolutionConfigurationPlatforms) = preSolution
		Debug|Any CPU = Debug|Any CPU
		Debug|x64 = Debug|x64
		Debug|x86 = Debug|x86
		Release|Any CPU = Release|Any CPU
		Release|x64 = Release|x64
		Release|x86 = Release|x86
	EndGlobalSection
	GlobalSection(SolutionProperties) = preSolution
		HideSolutionNode = FALSE
	EndGlobalSection
	GlobalSection(ProjectConfigurationPlatforms) = postSolution
		{46655BD8-CD6D-480F-9393-B387B615AD9E}.Debug|Any CPU.ActiveCfg = Debug|Any CPU
		{46655BD8-CD6D-480F-9393-B387B615AD9E}.Debug|Any CPU.Build.0 = Debug|Any CPU
		{46655BD8-CD6D-480F-9393-B387B615AD9E}.Debug|x64.ActiveCfg = Debug|Any CPU
		{46655BD8-CD6D-480F-9393-B387B615AD9E}.Debug|x64.Build.0 = Debug|Any CPU
		{46655BD8-CD6D-480F-9393-B387B615AD9E}.Debug|x86.ActiveCfg = Debug|Any CPU
		{46655BD8-CD6D-480F-9393-B387B615AD9E}.Debug|x86.Build.0 = Debug|Any CPU
		{46655BD8-CD6D-480F-9393-B387B615AD9E}.Release|Any CPU.ActiveCfg = Release|Any CPU
		{46655BD8-CD6D-480F-9393-B387B615AD9E}.Release|Any CPU.Build.0 = Release|Any CPU
		{46655BD8-CD6D-480F-9393-B387B615AD9E}.Release|x64.ActiveCfg = Release|Any CPU
		{46655BD8-CD6D-480F-9393-B387B615AD9E}.Release|x64.Build.0 = Release|Any CPU
		{46655BD8-CD6D-480F-9393-B387B615AD9E}.Release|x86.ActiveCfg = Release|Any CPU
		{46655BD8-CD6D-480F-9393-B387B615AD9E}.Release|x86.Build.0 = Release|Any CPU
		{9A4FAD65-C7EA-424C-910D-3CB200EBBA96}.Debug|Any CPU.ActiveCfg = Debug|Any CPU
		{9A4FAD65-C7EA-424C-910D-3CB200EBBA96}.Debug|Any CPU.Build.0 = Debug|Any CPU
		{9A4FAD65-C7EA-424C-910D-3CB200EBBA96}.Debug|x64.ActiveCfg = Debug|Any CPU
		{9A4FAD65-C7EA-424C-910D-3CB200EBBA96}.Debug|x64.Build.0 = Debug|Any CPU
		{9A4FAD65-C7EA-424C-910D-3CB200EBBA96}.Debug|x86.ActiveCfg = Debug|Any CPU
		{9A4FAD65-C7EA-424C-910D-3CB200EBBA96}.Debug|x86.Build.0 = Debug|Any CPU
		{9A4FAD65-C7EA-424C-910D-3CB200EBBA96}.Release|Any CPU.ActiveCfg = Release|Any CPU
		{9A4FAD65-C7EA-424C-910D-3CB200EBBA96}.Release|Any CPU.Build.0 = Release|Any CPU
		{9A4FAD65-C7EA-424C-910D-3CB200EBBA96}.Release|x64.ActiveCfg = Release|Any CPU
		{9A4FAD65-C7EA-424C-910D-3CB200EBBA96}.Release|x64.Build.0 = Release|Any CPU
		{9A4FAD65-C7EA-424C-910D-3CB200EBBA96}.Release|x86.ActiveCfg = Release|Any CPU
		{9A4FAD65-C7EA-424C-910D-3CB200EBBA96}.Release|x86.Build.0 = Release|Any CPU
		{652265CC-12E6-4442-B562-2B6C6A0A6A28}.Debug|Any CPU.ActiveCfg = Debug|Any CPU
		{652265CC-12E6-4442-B562-2B6C6A0A6A28}.Debug|Any CPU.Build.0 = Debug|Any CPU
		{652265CC-12E6-4442-B562-2B6C6A0A6A28}.Debug|x64.ActiveCfg = Debug|Any CPU
		{652265CC-12E6-4442-B562-2B6C6A0A6A28}.Debug|x64.Build.0 = Debug|Any CPU
		{652265CC-12E6-4442-B562-2B6C6A0A6A28}.Debug|x86.ActiveCfg = Debug|Any CPU
		{652265CC-12E6-4442-B562-2B6C6A0A6A28}.Debug|x86.Build.0 = Debug|Any CPU
		{652265CC-12E6-4442-B562-2B6C6A0A6A28}.Release|Any CPU.ActiveCfg = Release|Any CPU
		{652265CC-12E6-4442-B562-2B6C6A0A6A28}.Release|Any CPU.Build.0 = Release|Any CPU
		{652265CC-12E6-4442-B562-2B6C6A0A6A28}.Release|x64.ActiveCfg = Release|Any CPU
		{652265CC-12E6-4442-B562-2B6C6A0A6A28}.Release|x64.Build.0 = Release|Any CPU
		{652265CC-12E6-4442-B562-2B6C6A0A6A28}.Release|x86.ActiveCfg = Release|Any CPU
		{652265CC-12E6-4442-B562-2B6C6A0A6A28}.Release|x86.Build.0 = Release|Any CPU
		{A99FE5D6-8EDB-49DC-9E92-97EB85FD90FF}.Debug|Any CPU.ActiveCfg = Debug|Any CPU
		{A99FE5D6-8EDB-49DC-9E92-97EB85FD90FF}.Debug|Any CPU.Build.0 = Debug|Any CPU
		{A99FE5D6-8EDB-49DC-9E92-97EB85FD90FF}.Debug|x64.ActiveCfg = Debug|Any CPU
		{A99FE5D6-8EDB-49DC-9E92-97EB85FD90FF}.Debug|x64.Build.0 = Debug|Any CPU
		{A99FE5D6-8EDB-49DC-9E92-97EB85FD90FF}.Debug|x86.ActiveCfg = Debug|Any CPU
		{A99FE5D6-8EDB-49DC-9E92-97EB85FD90FF}.Debug|x86.Build.0 = Debug|Any CPU
		{A99FE5D6-8EDB-49DC-9E92-97EB85FD90FF}.Release|Any CPU.ActiveCfg = Release|Any CPU
		{A99FE5D6-8EDB-49DC-9E92-97EB85FD90FF}.Release|Any CPU.Build.0 = Release|Any CPU
		{A99FE5D6-8EDB-49DC-9E92-97EB85FD90FF}.Release|x64.ActiveCfg = Release|Any CPU
		{A99FE5D6-8EDB-49DC-9E92-97EB85FD90FF}.Release|x64.Build.0 = Release|Any CPU
		{A99FE5D6-8EDB-49DC-9E92-97EB85FD90FF}.Release|x86.ActiveCfg = Release|Any CPU
		{A99FE5D6-8EDB-49DC-9E92-97EB85FD90FF}.Release|x86.Build.0 = Release|Any CPU
		{22332628-D347-4E79-B378-B33B3A9DFB4D}.Debug|Any CPU.ActiveCfg = Debug|Any CPU
		{22332628-D347-4E79-B378-B33B3A9DFB4D}.Debug|Any CPU.Build.0 = Debug|Any CPU
		{22332628-D347-4E79-B378-B33B3A9DFB4D}.Debug|x64.ActiveCfg = Debug|Any CPU
		{22332628-D347-4E79-B378-B33B3A9DFB4D}.Debug|x64.Build.0 = Debug|Any CPU
		{22332628-D347-4E79-B378-B33B3A9DFB4D}.Debug|x86.ActiveCfg = Debug|Any CPU
		{22332628-D347-4E79-B378-B33B3A9DFB4D}.Debug|x86.Build.0 = Debug|Any CPU
		{22332628-D347-4E79-B378-B33B3A9DFB4D}.Release|Any CPU.ActiveCfg = Release|Any CPU
		{22332628-D347-4E79-B378-B33B3A9DFB4D}.Release|Any CPU.Build.0 = Release|Any CPU
		{22332628-D347-4E79-B378-B33B3A9DFB4D}.Release|x64.ActiveCfg = Release|Any CPU
		{22332628-D347-4E79-B378-B33B3A9DFB4D}.Release|x64.Build.0 = Release|Any CPU
		{22332628-D347-4E79-B378-B33B3A9DFB4D}.Release|x86.ActiveCfg = Release|Any CPU
		{22332628-D347-4E79-B378-B33B3A9DFB4D}.Release|x86.Build.0 = Release|Any CPU
	EndGlobalSection
	GlobalSection(NestedProjects) = preSolution
		{9A4FAD65-C7EA-424C-910D-3CB200EBBA96} = {264B5329-5A3F-491F-B6BD-CDE9741D430F}
		{652265CC-12E6-4442-B562-2B6C6A0A6A28} = {264B5329-5A3F-491F-B6BD-CDE9741D430F}
		{A99FE5D6-8EDB-49DC-9E92-97EB85FD90FF} = {F8CA6997-97C6-4224-8ACE-6A65D2F25D85}
		{22332628-D347-4E79-B378-B33B3A9DFB4D} = {F8CA6997-97C6-4224-8ACE-6A65D2F25D85}
	EndGlobalSection
EndGlobal
