{
  "requires": true,
  "lockfileVersion": 1,
  "dependencies": {
    "aframe-ar": {
      "version": "0.2.1-a",
      "resolved": "https://registry.npmjs.org/aframe-ar/-/aframe-ar-0.2.1-a.tgz",
      "integrity": "sha512-JmUiIW6H2pm/uQ+ru3waM2ZBfXJ32CHh5JmLGVxhLXLIGC9dnpsLcYW2c7WPOWv5kpzSVi1pj4bckq/Y7C9dDg=="
    }
  }
}
